<?xml version="1.0" encoding="utf-8"?>
<Project ToolsVersion="4.0" xmlns="http://schemas.microsoft.com/developer/msbuild/2003">
  <ItemGroup>
    <Filter Include="Src">
      <UniqueIdentifier>{4FC737F1-C7A5-4376-A066-2A32D752A2FF}</UniqueIdentifier>
      <Extensions>cpp;c;cc;cxx;c++;cppm;ixx;def;odl;idl;hpj;bat;asm;asmx</Extensions>
    </Filter>
    <Filter Include="Src\Application">
      <UniqueIdentifier>{5cf9fa65-b67b-4d45-9207-53ec71806978}</UniqueIdentifier>
    </Filter>
    <Filter Include="Src\Framework">
      <UniqueIdentifier>{3f930860-9a87-409c-b7ea-9d55a6df5e48}</UniqueIdentifier>
    </Filter>
    <Filter Include="Src\Framework\System">
      <UniqueIdentifier>{c47f579c-7192-45ad-ba46-9ac2c5ab4f32}</UniqueIdentifier>
    </Filter>
    <Filter Include="Src\Framework\System\Window">
      <UniqueIdentifier>{b7caff80-c871-41e7-8a01-de2f0addeec8}</UniqueIdentifier>
    </Filter>
    <Filter Include="Library">
      <UniqueIdentifier>{0e1c8882-e559-42a4-a9d7-bbbfa8cc4b93}</UniqueIdentifier>
    </Filter>
    <Filter Include="Src\Framework\Utility">
      <UniqueIdentifier>{b3b9006a-0388-4ea5-b3da-d71871d58567}</UniqueIdentifier>
    </Filter>
    <Filter Include="Src\Framework\Graphics">
      <UniqueIdentifier>{3657f412-3507-4e0b-ada6-692f27df9567}</UniqueIdentifier>
    </Filter>
    <Filter Include="Src\Framework\Graphics\Shader">
      <UniqueIdentifier>{81b8256c-9232-4c4f-aabb-1a607a8986fd}</UniqueIdentifier>
    </Filter>
    <Filter Include="Src\Framework\Graphics\Model">
      <UniqueIdentifier>{f2d0d083-e375-4294-bd4c-e55ffed0dc4b}</UniqueIdentifier>
    </Filter>
    <Filter Include="Src\Framework\Graphics\Heap">
      <UniqueIdentifier>{b8a3403a-5713-406a-9e8d-9d052971ebc2}</UniqueIdentifier>
    </Filter>
    <Filter Include="Src\Framework\Graphics\Buffer">
      <UniqueIdentifier>{4785d4e3-13f7-4e6c-bc9a-c03b5e66eebe}</UniqueIdentifier>
    </Filter>
    <Filter Include="Src\Framework\Graphics\Buffer\CBufferAllocater">
      <UniqueIdentifier>{4fe97bec-1b3c-49a3-b399-102e8141e27c}</UniqueIdentifier>
    </Filter>
    <Filter Include="Src\Framework\Graphics\Buffer\DepthStencil">
      <UniqueIdentifier>{592d6e1c-029f-48ab-af8f-e770cafc863f}</UniqueIdentifier>
    </Filter>
    <Filter Include="Src\Framework\Graphics\Buffer\Texture">
      <UniqueIdentifier>{b578cff5-25c3-4ef9-9c05-291dffbbe414}</UniqueIdentifier>
    </Filter>
    <Filter Include="Src\Framework\Graphics\Heap\CBVSRVUAVHeap">
      <UniqueIdentifier>{ff572e7d-95e0-45ae-b2b7-876be1e57487}</UniqueIdentifier>
    </Filter>
    <Filter Include="Src\Framework\Graphics\Heap\DSVHeap">
      <UniqueIdentifier>{02763ac9-ba6b-4992-bae9-b1e3d2e7d5d2}</UniqueIdentifier>
    </Filter>
    <Filter Include="Src\Framework\Graphics\Heap\RTVHeap">
      <UniqueIdentifier>{e7343af1-8595-4890-aa02-57b10c23a8f1}</UniqueIdentifier>
    </Filter>
    <Filter Include="Src\Framework\Graphics\Buffer\CBufferAllocater\CBufferData">
      <UniqueIdentifier>{42592f1a-75e9-4946-b1eb-74e33f1e9f26}</UniqueIdentifier>
    </Filter>
    <Filter Include="Src\Framework\System\FrameControl">
      <UniqueIdentifier>{e72d1563-3f2e-4cf3-89cc-81deda4d3f9a}</UniqueIdentifier>
    </Filter>
    <Filter Include="Src\Framework\Graphics\Shader\Pipeline">
      <UniqueIdentifier>{c3fbefda-ecd5-4490-b1a6-931dcff0c9e5}</UniqueIdentifier>
    </Filter>
    <Filter Include="Src\Framework\Graphics\Shader\RootSignature">
      <UniqueIdentifier>{dcd29659-6fd7-4cc8-823e-502328ee028f}</UniqueIdentifier>
    </Filter>
    <Filter Include="Src\Framework\Graphics\Mesh">
      <UniqueIdentifier>{f2535a39-2e10-4798-9b42-f0e3b04f955c}</UniqueIdentifier>
    </Filter>
    <Filter Include="Src\Framework\Graphics\Mesh\MeshData">
      <UniqueIdentifier>{7a05fd2f-3cf7-4e9e-8806-a9511f2a3806}</UniqueIdentifier>
    </Filter>
    <Filter Include="Src\Framework\Graphics\Animation">
      <UniqueIdentifier>{08317707-9b21-41c9-8986-eab0ee2089e7}</UniqueIdentifier>
    </Filter>
    <Filter Include="Src\Framework\System\Debug">
      <UniqueIdentifier>{acf677a1-00dd-4b77-817d-55bded7b433a}</UniqueIdentifier>
    </Filter>
    <Filter Include="Src\Framework\System\Debug\Console">
      <UniqueIdentifier>{cd88e566-9c6b-43bb-8ae6-64650bfc7eaf}</UniqueIdentifier>
    </Filter>
    <Filter Include="Src\Framework\System\Debug\Logger">
      <UniqueIdentifier>{578cda1a-fd96-49b5-b621-f22f2a205908}</UniqueIdentifier>
    </Filter>
    <Filter Include="Src\Framework\Release">
      <UniqueIdentifier>{094b1bb5-7a41-4427-b4df-d5b1c8bddabb}</UniqueIdentifier>
    </Filter>
    <Filter Include="Src\Framework\Release\Audio">
      <UniqueIdentifier>{b79a5a04-653e-4ea2-a766-bd118edbb762}</UniqueIdentifier>
    </Filter>
  </ItemGroup>
  <ItemGroup>
    <ClCompile Include="Src\Application\Application.cpp">
      <Filter>Src\Application</Filter>
    </ClCompile>
    <ClCompile Include="Src\Pch.cpp">
      <Filter>Src</Filter>
    </ClCompile>
    <ClCompile Include="Src\Framework\System\Window\Window.cpp">
      <Filter>Src\Framework\System\Window</Filter>
    </ClCompile>
    <ClCompile Include="Src\Framework\Graphics\GraphicsDevice.cpp">
      <Filter>Src\Framework\Graphics</Filter>
    </ClCompile>
    <ClCompile Include="Src\Framework\Graphics\Heap\RTVHeap\RTVHeap.cpp">
      <Filter>Src\Framework\Graphics\Heap\RTVHeap</Filter>
    </ClCompile>
    <ClCompile Include="Src\Framework\Graphics\Heap\DSVHeap\DSVHeap.cpp">
      <Filter>Src\Framework\Graphics\Heap\DSVHeap</Filter>
    </ClCompile>
    <ClCompile Include="Src\Framework\Graphics\Heap\CBVSRVUAVHeap\CBVSRVUAVHeap.cpp">
      <Filter>Src\Framework\Graphics\Heap\CBVSRVUAVHeap</Filter>
    </ClCompile>
    <ClCompile Include="Src\Framework\Graphics\Buffer\Texture\Texture.cpp">
      <Filter>Src\Framework\Graphics\Buffer\Texture</Filter>
    </ClCompile>
    <ClCompile Include="Src\Framework\Graphics\Buffer\DepthStencil\DepthStencil.cpp">
      <Filter>Src\Framework\Graphics\Buffer\DepthStencil</Filter>
    </ClCompile>
    <ClCompile Include="Src\Framework\Graphics\Buffer\CBufferAllocater\CBufferAllocater.cpp">
      <Filter>Src\Framework\Graphics\Buffer\CBufferAllocater</Filter>
    </ClCompile>
    <ClCompile Include="Src\Framework\System\FrameControl\FPSController.cpp">
      <Filter>Src\Framework\System\FrameControl</Filter>
    </ClCompile>
    <ClCompile Include="Src\Framework\Graphics\Shader\Shader.cpp">
      <Filter>Src\Framework\Graphics\Shader</Filter>
    </ClCompile>
    <ClCompile Include="Src\Framework\Graphics\Shader\RootSignature\RootSignature.cpp">
      <Filter>Src\Framework\Graphics\Shader\RootSignature</Filter>
    </ClCompile>
    <ClCompile Include="Src\Framework\Graphics\Shader\Pipeline\Pipeline.cpp">
      <Filter>Src\Framework\Graphics\Shader\Pipeline</Filter>
    </ClCompile>
    <ClCompile Include="Src\Framework\Graphics\Model\Model.cpp">
      <Filter>Src\Framework\Graphics\Model</Filter>
    </ClCompile>
    <ClCompile Include="Src\Framework\Graphics\Model\ModelLoader.cpp">
      <Filter>Src\Framework\Graphics\Model</Filter>
    </ClCompile>
    <ClCompile Include="Src\Framework\Graphics\Mesh\Mesh.cpp">
      <Filter>Src\Framework\Graphics\Mesh</Filter>
    </ClCompile>
    <ClCompile Include="Src\Framework\Graphics\Animation\Animation.cpp">
      <Filter>Src\Framework\Graphics\Animation</Filter>
    </ClCompile>
    <ClCompile Include="Src\Framework\Graphics\GraphicsAdministrator.cpp">
      <Filter>Src\Framework\Graphics</Filter>
    </ClCompile>
    <ClCompile Include="Src\Framework\Resource\Audio\FlAudioManager.cpp">
      <Filter>Src\Framework\Release\Audio</Filter>
    </ClCompile>
  </ItemGroup>
  <ItemGroup>
    <ClInclude Include="Src\Application\Application.h">
      <Filter>Src\Application</Filter>
    </ClInclude>
    <ClInclude Include="Src\Pch.h">
      <Filter>Src</Filter>
    </ClInclude>
    <ClInclude Include="Src\Framework\System\Window\Window.h">
      <Filter>Src\Framework\System\Window</Filter>
    </ClInclude>
    <ClInclude Include="Src\Framework\FlFramework.hxx">
      <Filter>Src\Framework</Filter>
    </ClInclude>
    <ClInclude Include="Src\Framework\Utility\Utility.hxx">
      <Filter>Src\Framework\Utility</Filter>
    </ClInclude>
    <ClInclude Include="Src\Framework\Graphics\GraphicsDevice.h">
      <Filter>Src\Framework\Graphics</Filter>
    </ClInclude>
    <ClInclude Include="Src\Framework\Graphics\Heap\Heap.h">
      <Filter>Src\Framework\Graphics\Heap</Filter>
    </ClInclude>
    <ClInclude Include="Src\Framework\Graphics\Heap\RTVHeap\RTVHeap.h">
      <Filter>Src\Framework\Graphics\Heap\RTVHeap</Filter>
    </ClInclude>
    <ClInclude Include="Src\Framework\Graphics\Heap\DSVHeap\DSVHeap.h">
      <Filter>Src\Framework\Graphics\Heap\DSVHeap</Filter>
    </ClInclude>
    <ClInclude Include="Src\Framework\Graphics\Heap\CBVSRVUAVHeap\CBVSRVUAVHeap.h">
      <Filter>Src\Framework\Graphics\Heap\CBVSRVUAVHeap</Filter>
    </ClInclude>
    <ClInclude Include="Src\Framework\Graphics\Buffer\Buffer.h">
      <Filter>Src\Framework\Graphics\Buffer</Filter>
    </ClInclude>
    <ClInclude Include="Src\Framework\Graphics\Buffer\Texture\Texture.h">
      <Filter>Src\Framework\Graphics\Buffer\Texture</Filter>
    </ClInclude>
    <ClInclude Include="Src\Framework\Graphics\Buffer\DepthStencil\DepthStencil.h">
      <Filter>Src\Framework\Graphics\Buffer\DepthStencil</Filter>
    </ClInclude>
    <ClInclude Include="Src\Framework\Graphics\Buffer\CBufferAllocater\CBufferAllocater.h">
      <Filter>Src\Framework\Graphics\Buffer\CBufferAllocater</Filter>
    </ClInclude>
    <ClInclude Include="Src\Framework\Graphics\Buffer\CBufferAllocater\CBufferData\CBufferData.h">
      <Filter>Src\Framework\Graphics\Buffer\CBufferAllocater\CBufferData</Filter>
    </ClInclude>
    <ClInclude Include="Src\Framework\Utility\FlUtilityDefault.hxx">
      <Filter>Src\Framework\Utility</Filter>
    </ClInclude>
    <ClInclude Include="Src\Framework\System\FrameControl\FPSController.h">
      <Filter>Src\Framework\System\FrameControl</Filter>
    </ClInclude>
    <ClInclude Include="Src\Framework\Graphics\Shader\Shader.h">
      <Filter>Src\Framework\Graphics\Shader</Filter>
    </ClInclude>
    <ClInclude Include="Src\Framework\Graphics\Shader\RootSignature\RootSignature.h">
      <Filter>Src\Framework\Graphics\Shader\RootSignature</Filter>
    </ClInclude>
    <ClInclude Include="Src\Framework\Graphics\Shader\Pipeline\Pipeline.h">
      <Filter>Src\Framework\Graphics\Shader\Pipeline</Filter>
    </ClInclude>
    <ClInclude Include="Src\Framework\Graphics\Model\Model.h">
      <Filter>Src\Framework\Graphics\Model</Filter>
    </ClInclude>
    <ClInclude Include="Src\Framework\Graphics\Model\ModelLoader.h">
      <Filter>Src\Framework\Graphics\Model</Filter>
    </ClInclude>
    <ClInclude Include="Src\Framework\Graphics\Mesh\Mesh.h">
      <Filter>Src\Framework\Graphics\Mesh</Filter>
    </ClInclude>
    <ClInclude Include="Src\Framework\Graphics\Mesh\MeshData\MeshData.h">
      <Filter>Src\Framework\Graphics\Mesh\MeshData</Filter>
    </ClInclude>
    <ClInclude Include="Src\Framework\Graphics\Animation\Animation.h">
      <Filter>Src\Framework\Graphics\Animation</Filter>
    </ClInclude>
    <ClInclude Include="Src\Framework\System\Debug\Logger\FlDebugLogger.hpp">
      <Filter>Src\Framework\System\Debug\Logger</Filter>
    </ClInclude>
    <ClInclude Include="Src\Framework\System\Debug\Console\Console.hpp">
      <Filter>Src\Framework\System\Debug\Console</Filter>
    </ClInclude>
    <ClInclude Include="Src\Framework\Utility\FlUtilityString.hxx">
      <Filter>Src\Framework\Utility</Filter>
    </ClInclude>
    <ClInclude Include="Src\Framework\Graphics\GraphicsAdministrator.h">
      <Filter>Src\Framework\Graphics</Filter>
    </ClInclude>
    <ClInclude Include="Src\Framework\Resource\Audio\FlAudioManager.h">
      <Filter>Src\Framework\Release\Audio</Filter>
    </ClInclude>
  </ItemGroup>
  <ItemGroup>
    <None Include="packages.config" />
  </ItemGroup>
</Project>